<?xml version="1.0" encoding="utf-8"?>
<Project ToolsVersion="4.0" xmlns="http://schemas.microsoft.com/developer/msbuild/2003">
  <ItemGroup>
    <Filter Include="Commons">
      <UniqueIdentifier>{d7750e25-cef3-425b-8885-6182420f5574}</UniqueIdentifier>
    </Filter>
    <Filter Include="PlayingState">
      <UniqueIdentifier>{48493914-8f5a-4f59-85a4-1292a5a9ebe7}</UniqueIdentifier>
    </Filter>
    <Filter Include="SinglePlayerState">
      <UniqueIdentifier>{7c4ce3ed-f51b-48e4-9832-952f515b9c6c}</UniqueIdentifier>
    </Filter>
    <Filter Include="MainMenuState">
      <UniqueIdentifier>{03f6947e-a00e-483d-8cb1-49499c6a58bf}</UniqueIdentifier>
    </Filter>
    <Filter Include="PlayingState\Objects">
      <UniqueIdentifier>{198fe29e-1d86-4312-b44d-564d510de502}</UniqueIdentifier>
    </Filter>
  </ItemGroup>
  <ItemGroup>
    <ClCompile Include="MainMenuState\MainMenuState.cpp">
      <Filter>MainMenuState</Filter>
    </ClCompile>
    <ClCompile Include="SinglePlayerState\ColoredTank.cpp">
      <Filter>SinglePlayerState</Filter>
    </ClCompile>
    <ClCompile Include="SinglePlayerState\Logo.cpp">
      <Filter>SinglePlayerState</Filter>
    </ClCompile>
    <ClCompile Include="SinglePlayerState\NameStripe.cpp">
      <Filter>SinglePlayerState</Filter>
    </ClCompile>
    <ClCompile Include="SinglePlayerState\SinglePlayerState.cpp">
      <Filter>SinglePlayerState</Filter>
    </ClCompile>
    <ClCompile Include="SinglePlayerState\Stars.cpp">
      <Filter>SinglePlayerState</Filter>
    </ClCompile>
    <ClCompile Include="PlayingState\PlayingState.cpp">
      <Filter>PlayingState</Filter>
    </ClCompile>
    <ClCompile Include="Commons\Game.cpp">
      <Filter>Commons</Filter>
    </ClCompile>
    <ClCompile Include="Commons\GlobalServices.cpp">
      <Filter>Commons</Filter>
    </ClCompile>
    <ClCompile Include="Commons\Main.cpp">
      <Filter>Commons</Filter>
    </ClCompile>
    <ClCompile Include="Commons\Object.cpp">
      <Filter>Commons</Filter>
    </ClCompile>
    <ClCompile Include="Commons\Sprite.cpp">
      <Filter>Commons</Filter>
    </ClCompile>
    <ClCompile Include="Commons\Stripe.cpp">
      <Filter>Commons</Filter>
    </ClCompile>
    <ClCompile Include="Commons\TextureManager.cpp">
      <Filter>Commons</Filter>
    </ClCompile>
    <ClCompile Include="Commons\WindowsFileSystem.cpp">
      <Filter>Commons</Filter>
    </ClCompile>
    <ClCompile Include="PlayingState\ObjectFactory.cpp">
      <Filter>PlayingState</Filter>
    </ClCompile>
    <ClCompile Include="PlayingState\Objects\Tank.cpp">
      <Filter>PlayingState\Objects</Filter>
    </ClCompile>
    <ClCompile Include="PlayingState\Objects\Terrain.cpp">
      <Filter>PlayingState\Objects</Filter>
    </ClCompile>
    <ClCompile Include="PlayingState\Objects\Tree.cpp">
      <Filter>PlayingState\Objects</Filter>
    </ClCompile>
  </ItemGroup>
  <ItemGroup>
    <ClInclude Include="MainMenuState\MainMenuState.h">
      <Filter>MainMenuState</Filter>
    </ClInclude>
    <ClInclude Include="SinglePlayerState\ColoredTank.h">
      <Filter>SinglePlayerState</Filter>
    </ClInclude>
    <ClInclude Include="SinglePlayerState\Logo.h">
      <Filter>SinglePlayerState</Filter>
    </ClInclude>
    <ClInclude Include="SinglePlayerState\NameStripe.h">
      <Filter>SinglePlayerState</Filter>
    </ClInclude>
    <ClInclude Include="SinglePlayerState\SinglePlayerState.h">
      <Filter>SinglePlayerState</Filter>
    </ClInclude>
    <ClInclude Include="SinglePlayerState\Stars.h">
      <Filter>SinglePlayerState</Filter>
    </ClInclude>
    <ClInclude Include="PlayingState\PlayingState.h">
      <Filter>PlayingState</Filter>
    </ClInclude>
    <ClInclude Include="Commons\FileSystem.h">
      <Filter>Commons</Filter>
    </ClInclude>
    <ClInclude Include="Commons\Game.h">
      <Filter>Commons</Filter>
    </ClInclude>
    <ClInclude Include="Commons\GameState.h">
      <Filter>Commons</Filter>
    </ClInclude>
    <ClInclude Include="Commons\GlobalServices.h">
      <Filter>Commons</Filter>
    </ClInclude>
    <ClInclude Include="Commons\NullFileSystem.h">
      <Filter>Commons</Filter>
    </ClInclude>
    <ClInclude Include="Commons\Object.h">
      <Filter>Commons</Filter>
    </ClInclude>
    <ClInclude Include="Commons\Sprite.h">
      <Filter>Commons</Filter>
    </ClInclude>
    <ClInclude Include="Commons\Stripe.h">
      <Filter>Commons</Filter>
    </ClInclude>
    <ClInclude Include="Commons\TextureManager.h">
      <Filter>Commons</Filter>
    </ClInclude>
    <ClInclude Include="Commons\WindowsFileSystem.h">
      <Filter>Commons</Filter>
    </ClInclude>
    <ClInclude Include="PlayingState\ObjectFactory.h">
      <Filter>PlayingState</Filter>
    </ClInclude>
    <ClInclude Include="PlayingState\CollisionDispatcher.h">
      <Filter>PlayingState</Filter>
    </ClInclude>
    <ClInclude Include="PlayingState\CollisionDetector.h">
      <Filter>PlayingState</Filter>
    </ClInclude>
    <ClInclude Include="PlayingState\Objects\Tank.h">
      <Filter>PlayingState\Objects</Filter>
    </ClInclude>
    <ClInclude Include="PlayingState\Objects\Terrain.h">
      <Filter>PlayingState\Objects</Filter>
    </ClInclude>
    <ClInclude Include="PlayingState\Objects\Tree.h">
      <Filter>PlayingState\Objects</Filter>
    </ClInclude>
  </ItemGroup>
</Project>